Microsoft Visual Studio Solution File, Format Version 12.00
# Visual Studio 2012
Project("{2150E333-8FDC-42A3-9474-1A3956D46DE8}") = "Database", "Database", "{E24CBA22-9BDB-48B5-8699-1718637EEC07}"
	ProjectSection(SolutionItems) = preProject
		CommonQueries.sql = CommonQueries.sql
		OptimizeIndexes.sql = OptimizeIndexes.sql
		RestoreDatabaseWithNames.sql = RestoreDatabaseWithNames.sql
	EndProjectSection
EndProject
Project("{2150E333-8FDC-42A3-9474-1A3956D46DE8}") = "Solution Items", "Solution Items", "{804C5C0E-9E3C-4E66-BD38-49960857E7E3}"
	ProjectSection(SolutionItems) = preProject
		arachnode.net.bak_2008.zip = arachnode.net.bak_2008.zip
		arachnode.net.snk = arachnode.net.snk
		arachnode.net.vsmdi = arachnode.net.vsmdi
		Arachnode.SiteCrawler.saproj = Arachnode.SiteCrawler.saproj
		LocalTestRun.testrunconfig = LocalTestRun.testrunconfig
		lukeall-1.0.1.jar = lukeall-1.0.1.jar
		PerformanceMonitor.msc = PerformanceMonitor.msc
		readme.txt = readme.txt
	EndProjectSection
EndProject
Project("{2150E333-8FDC-42A3-9474-1A3956D46DE8}") = "Documentation", "Documentation", "{1611FAC0-0412-4837-A336-7B27E0AC7837}"
	ProjectSection(SolutionItems) = preProject
		Documentation\arachnode.net API Documentation.chm = Documentation\arachnode.net API Documentation.chm
		arachnode.net.ndoc = arachnode.net.ndoc
		readme.txt = readme.txt
	EndProjectSection
EndProject
Project("{FAE04EC0-301F-11D3-BF4B-00C04F79EFBC}") = "DataSource", "DataSource\DataSource.csproj", "{D504363E-17F7-424C-A521-A00313B21713}"
EndProject
Project("{FAE04EC0-301F-11D3-BF4B-00C04F79EFBC}") = "DataAccess", "DataAccess\DataAccess.csproj", "{2370073C-5D54-4965-A03F-24FB8B836D75}"
EndProject
Project("{FAE04EC0-301F-11D3-BF4B-00C04F79EFBC}") = "SiteCrawler", "SiteCrawler\SiteCrawler.csproj", "{9E8DDB9D-13D8-4A82-888D-5795B9168B3C}"
EndProject
Project("{FAE04EC0-301F-11D3-BF4B-00C04F79EFBC}") = "Configuration", "Configuration\Configuration.csproj", "{608DAB8E-14C5-4BCC-A1B1-8EEE5002A08D}"
EndProject
Project("{FAE04EC0-301F-11D3-BF4B-00C04F79EFBC}") = "Service", "Service\Service.csproj", "{5B48E256-5591-4298-959F-6FB0D90B5C69}"
EndProject
Project("{FAE04EC0-301F-11D3-BF4B-00C04F79EFBC}") = "Utilities", "Utilities\Utilities.csproj", "{18CF60B8-D1EF-4846-901B-758D207B42C1}"
EndProject
Project("{00D1A9C2-B5F0-4AF3-8072-F6C62B433612}") = "Functions", "Functions\Functions.sqlproj", "{8B8DFF90-BAE2-4666-BA40-9AE416338E0C}"
EndProject
Project("{FAE04EC0-301F-11D3-BF4B-00C04F79EFBC}") = "Plugins", "Plugins\Plugins.csproj", "{B911CBD6-C9AD-495F-B579-8EF5D4A4D7B6}"
EndProject
Project("{FAE04EC0-301F-11D3-BF4B-00C04F79EFBC}") = "Web", "Web\Web.csproj", "{721873CB-EE1E-4606-A015-B1373BC0C420}"
EndProject
Project("{FAE04EC0-301F-11D3-BF4B-00C04F79EFBC}") = "Library", "Library\Library.csproj", "{D03AB715-2A76-42C4-A7C3-0EAFA1DDE922}"
EndProject
Project("{FAE04EC0-301F-11D3-BF4B-00C04F79EFBC}") = "Security", "Security\Security.csproj", "{2CED3829-441B-424D-B123-E2504276C8D9}"
EndProject
Project("{FAE04EC0-301F-11D3-BF4B-00C04F79EFBC}") = "Performance", "Performance\Performance.csproj", "{3E3B6D4F-A93C-4B30-ACF7-40CF972E9310}"
EndProject
Project("{FAE04EC0-301F-11D3-BF4B-00C04F79EFBC}") = "Console", "Console\Console.csproj", "{EC61619C-AE6B-4C4F-B62F-E4DC6DAEA933}"
EndProject
Project("{FAE04EC0-301F-11D3-BF4B-00C04F79EFBC}") = "Structures", "Structures\Structures.csproj", "{7E399865-B54A-4EDC-9949-0C43AD585E38}"
EndProject
Project("{FAE04EC0-301F-11D3-BF4B-00C04F79EFBC}") = "Test", "Test\Test.csproj", "{E3A26F5D-D4F7-4F70-804D-BB07696510B2}"
EndProject
Project("{FAE04EC0-301F-11D3-BF4B-00C04F79EFBC}") = "Administration", "Administration\Administration.csproj", "{5B562B9D-BEA7-4E48-88B1-F0387AAF5BAE}"
EndProject
Project("{FAE04EC0-301F-11D3-BF4B-00C04F79EFBC}") = "Application", "Application\Application.csproj", "{C5665A1F-729D-4E7E-84C2-A5947FF3A208}"
EndProject
Project("{FAE04EC0-301F-11D3-BF4B-00C04F79EFBC}") = "Renderer", "Renderer\Renderer.csproj", "{693D9013-4B08-46FA-A0BE-F5CCEBA06DBA}"
EndProject
Project("{FAE04EC0-301F-11D3-BF4B-00C04F79EFBC}") = "Cache", "Cache\Cache.csproj", "{92BBC2C7-6471-42BD-B6A9-E60DB5F63C68}"
EndProject
Project("{FAE04EC0-301F-11D3-BF4B-00C04F79EFBC}") = "Search", "Search\Search.csproj", "{4CA389B0-0967-4AF8-A4A7-86508F0DD3F2}"
EndProject
Project("{FAE04EC0-301F-11D3-BF4B-00C04F79EFBC}") = "GraphicalUserInterface", "GraphicalUserInterface\GraphicalUserInterface.csproj", "{D4C9DD7D-FC4E-47F6-92D4-699D60915B53}"
EndProject
Project("{FAE04EC0-301F-11D3-BF4B-00C04F79EFBC}") = "PostProcessing", "PostProcessing\PostProcessing.csproj", "{C3210443-E310-46A6-9757-DCBDEBA9846E}"
EndProject
Project("{FAE04EC0-301F-11D3-BF4B-00C04F79EFBC}") = "Proxy", "Proxy\Proxy.csproj", "{A1D577FA-90CD-41EB-929B-D85F3E48A995}"
EndProject
Project("{FAE04EC0-301F-11D3-BF4B-00C04F79EFBC}") = "Console.Benchmark", "Console.Benchmark\Console.Benchmark.csproj", "{89EFE23C-AC75-409E-A32D-BBD0A66FBB6B}"
EndProject
Project("{D183A3D8-5FD8-494B-B014-37F57B35E655}") = "Integration", "Integration\Integration.dtproj", "{8DAC41F1-5211-4C97-912F-48BC9C94E922}"
EndProject
Project("{D2ABAB84-BF74-430A-B69E-9DC6D40DDA17}") = "Analysis", "Analysis\Analysis.dwproj", "{B0463789-5A91-4831-9CE4-7BB4DD637633}"
EndProject
Project("{FAE04EC0-301F-11D3-BF4B-00C04F79EFBC}") = "DemoFiles", "DemoFiles\DemoFiles.csproj", "{5ACB2BB0-E1E4-43EB-9FD2-4456863434A4}"
EndProject
Project("{FAE04EC0-301F-11D3-BF4B-00C04F79EFBC}") = "Browser", "Browser\Browser.csproj", "{BC4E020D-65FC-43DD-AA50-41AFEC1B70C2}"
EndProject
Project("{FAE04EC0-301F-11D3-BF4B-00C04F79EFBC}") = "Automator", "Automator\Automator.csproj", "{9B6072CA-5C41-4152-8B8A-B636F7D44920}"
EndProject
Project("{FAE04EC0-301F-11D3-BF4B-00C04F79EFBC}") = "_RecycleBin", "_RecycleBin\_RecycleBin.csproj", "{10ED9E51-1535-4644-AE76-99F56C1609F6}"
EndProject
Project("{FAE04EC0-301F-11D3-BF4B-00C04F79EFBC}") = "DataAccess.Benchmark", "DataAccess.Benchmark\DataAccess.Benchmark.csproj", "{D6F728F0-25FA-4224-AAC8-33FB2B398461}"
EndProject
Project("{FAE04EC0-301F-11D3-BF4B-00C04F79EFBC}") = "Scraper", "Scraper\Scraper.csproj", "{6EA48184-8AF7-48D4-955D-D3AF62ECDD2D}"
EndProject
Global
	GlobalSection(SolutionConfigurationPlatforms) = preSolution
		Debug|Any CPU = Debug|Any CPU
		Debug|x86 = Debug|x86
		Demo|Any CPU = Demo|Any CPU
		Demo|x86 = Demo|x86
		Release|Any CPU = Release|Any CPU
		Release|x86 = Release|x86
	EndGlobalSection
	GlobalSection(ProjectConfigurationPlatforms) = postSolution
		{D504363E-17F7-424C-A521-A00313B21713}.Debug|Any CPU.ActiveCfg = Debug|Any CPU
		{D504363E-17F7-424C-A521-A00313B21713}.Debug|Any CPU.Build.0 = Debug|Any CPU
		{D504363E-17F7-424C-A521-A00313B21713}.Debug|x86.ActiveCfg = Debug|x86
		{D504363E-17F7-424C-A521-A00313B21713}.Debug|x86.Build.0 = Debug|x86
		{D504363E-17F7-424C-A521-A00313B21713}.Demo|Any CPU.ActiveCfg = Demo|Any CPU
		{D504363E-17F7-424C-A521-A00313B21713}.Demo|Any CPU.Build.0 = Demo|Any CPU
		{D504363E-17F7-424C-A521-A00313B21713}.Demo|x86.ActiveCfg = Demo|x86
		{D504363E-17F7-424C-A521-A00313B21713}.Demo|x86.Build.0 = Demo|x86
		{D504363E-17F7-424C-A521-A00313B21713}.Release|Any CPU.ActiveCfg = Release|Any CPU
		{D504363E-17F7-424C-A521-A00313B21713}.Release|Any CPU.Build.0 = Release|Any CPU
		{D504363E-17F7-424C-A521-A00313B21713}.Release|x86.ActiveCfg = Release|x86
		{D504363E-17F7-424C-A521-A00313B21713}.Release|x86.Build.0 = Release|x86
		{2370073C-5D54-4965-A03F-24FB8B836D75}.Debug|Any CPU.ActiveCfg = Debug|Any CPU
		{2370073C-5D54-4965-A03F-24FB8B836D75}.Debug|Any CPU.Build.0 = Debug|Any CPU
		{2370073C-5D54-4965-A03F-24FB8B836D75}.Debug|x86.ActiveCfg = Debug|x86
		{2370073C-5D54-4965-A03F-24FB8B836D75}.Debug|x86.Build.0 = Debug|x86
		{2370073C-5D54-4965-A03F-24FB8B836D75}.Demo|Any CPU.ActiveCfg = Demo|Any CPU
		{2370073C-5D54-4965-A03F-24FB8B836D75}.Demo|Any CPU.Build.0 = Demo|Any CPU
		{2370073C-5D54-4965-A03F-24FB8B836D75}.Demo|x86.ActiveCfg = Demo|x86
		{2370073C-5D54-4965-A03F-24FB8B836D75}.Demo|x86.Build.0 = Demo|x86
		{2370073C-5D54-4965-A03F-24FB8B836D75}.Release|Any CPU.ActiveCfg = Release|Any CPU
		{2370073C-5D54-4965-A03F-24FB8B836D75}.Release|Any CPU.Build.0 = Release|Any CPU
		{2370073C-5D54-4965-A03F-24FB8B836D75}.Release|x86.ActiveCfg = Release|x86
		{2370073C-5D54-4965-A03F-24FB8B836D75}.Release|x86.Build.0 = Release|x86
		{9E8DDB9D-13D8-4A82-888D-5795B9168B3C}.Debug|Any CPU.ActiveCfg = Debug|Any CPU
		{9E8DDB9D-13D8-4A82-888D-5795B9168B3C}.Debug|Any CPU.Build.0 = Debug|Any CPU
		{9E8DDB9D-13D8-4A82-888D-5795B9168B3C}.Debug|x86.ActiveCfg = Debug|x86
		{9E8DDB9D-13D8-4A82-888D-5795B9168B3C}.Debug|x86.Build.0 = Debug|x86
		{9E8DDB9D-13D8-4A82-888D-5795B9168B3C}.Demo|Any CPU.ActiveCfg = Demo|Any CPU
		{9E8DDB9D-13D8-4A82-888D-5795B9168B3C}.Demo|Any CPU.Build.0 = Demo|Any CPU
		{9E8DDB9D-13D8-4A82-888D-5795B9168B3C}.Demo|x86.ActiveCfg = Demo|x86
		{9E8DDB9D-13D8-4A82-888D-5795B9168B3C}.Demo|x86.Build.0 = Demo|x86
		{9E8DDB9D-13D8-4A82-888D-5795B9168B3C}.Release|Any CPU.ActiveCfg = Release|Any CPU
		{9E8DDB9D-13D8-4A82-888D-5795B9168B3C}.Release|Any CPU.Build.0 = Release|Any CPU
		{9E8DDB9D-13D8-4A82-888D-5795B9168B3C}.Release|x86.ActiveCfg = Release|x86
		{9E8DDB9D-13D8-4A82-888D-5795B9168B3C}.Release|x86.Build.0 = Release|x86
		{608DAB8E-14C5-4BCC-A1B1-8EEE5002A08D}.Debug|Any CPU.ActiveCfg = Debug|Any CPU
		{608DAB8E-14C5-4BCC-A1B1-8EEE5002A08D}.Debug|Any CPU.Build.0 = Debug|Any CPU
		{608DAB8E-14C5-4BCC-A1B1-8EEE5002A08D}.Debug|x86.ActiveCfg = Debug|x86
		{608DAB8E-14C5-4BCC-A1B1-8EEE5002A08D}.Debug|x86.Build.0 = Debug|x86
		{608DAB8E-14C5-4BCC-A1B1-8EEE5002A08D}.Demo|Any CPU.ActiveCfg = Demo|Any CPU
		{608DAB8E-14C5-4BCC-A1B1-8EEE5002A08D}.Demo|Any CPU.Build.0 = Demo|Any CPU
		{608DAB8E-14C5-4BCC-A1B1-8EEE5002A08D}.Demo|x86.ActiveCfg = Demo|x86
		{608DAB8E-14C5-4BCC-A1B1-8EEE5002A08D}.Demo|x86.Build.0 = Demo|x86
		{608DAB8E-14C5-4BCC-A1B1-8EEE5002A08D}.Release|Any CPU.ActiveCfg = Release|Any CPU
		{608DAB8E-14C5-4BCC-A1B1-8EEE5002A08D}.Release|Any CPU.Build.0 = Release|Any CPU
		{608DAB8E-14C5-4BCC-A1B1-8EEE5002A08D}.Release|x86.ActiveCfg = Release|x86
		{608DAB8E-14C5-4BCC-A1B1-8EEE5002A08D}.Release|x86.Build.0 = Release|x86
		{5B48E256-5591-4298-959F-6FB0D90B5C69}.Debug|Any CPU.ActiveCfg = Debug|Any CPU
		{5B48E256-5591-4298-959F-6FB0D90B5C69}.Debug|Any CPU.Build.0 = Debug|Any CPU
		{5B48E256-5591-4298-959F-6FB0D90B5C69}.Debug|x86.ActiveCfg = Debug|x86
		{5B48E256-5591-4298-959F-6FB0D90B5C69}.Debug|x86.Build.0 = Debug|x86
		{5B48E256-5591-4298-959F-6FB0D90B5C69}.Demo|Any CPU.ActiveCfg = Demo|Any CPU
		{5B48E256-5591-4298-959F-6FB0D90B5C69}.Demo|Any CPU.Build.0 = Demo|Any CPU
		{5B48E256-5591-4298-959F-6FB0D90B5C69}.Demo|x86.ActiveCfg = Demo|x86
		{5B48E256-5591-4298-959F-6FB0D90B5C69}.Demo|x86.Build.0 = Demo|x86
		{5B48E256-5591-4298-959F-6FB0D90B5C69}.Release|Any CPU.ActiveCfg = Release|Any CPU
		{5B48E256-5591-4298-959F-6FB0D90B5C69}.Release|Any CPU.Build.0 = Release|Any CPU
		{5B48E256-5591-4298-959F-6FB0D90B5C69}.Release|x86.ActiveCfg = Release|x86
		{5B48E256-5591-4298-959F-6FB0D90B5C69}.Release|x86.Build.0 = Release|x86
		{18CF60B8-D1EF-4846-901B-758D207B42C1}.Debug|Any CPU.ActiveCfg = Debug|Any CPU
		{18CF60B8-D1EF-4846-901B-758D207B42C1}.Debug|Any CPU.Build.0 = Debug|Any CPU
		{18CF60B8-D1EF-4846-901B-758D207B42C1}.Debug|x86.ActiveCfg = Debug|x86
		{18CF60B8-D1EF-4846-901B-758D207B42C1}.Debug|x86.Build.0 = Debug|x86
		{18CF60B8-D1EF-4846-901B-758D207B42C1}.Demo|Any CPU.ActiveCfg = Demo|Any CPU
		{18CF60B8-D1EF-4846-901B-758D207B42C1}.Demo|Any CPU.Build.0 = Demo|Any CPU
		{18CF60B8-D1EF-4846-901B-758D207B42C1}.Demo|x86.ActiveCfg = Demo|x86
		{18CF60B8-D1EF-4846-901B-758D207B42C1}.Demo|x86.Build.0 = Demo|x86
		{18CF60B8-D1EF-4846-901B-758D207B42C1}.Release|Any CPU.ActiveCfg = Release|Any CPU
		{18CF60B8-D1EF-4846-901B-758D207B42C1}.Release|Any CPU.Build.0 = Release|Any CPU
		{18CF60B8-D1EF-4846-901B-758D207B42C1}.Release|x86.ActiveCfg = Release|x86
		{18CF60B8-D1EF-4846-901B-758D207B42C1}.Release|x86.Build.0 = Release|x86
		{8B8DFF90-BAE2-4666-BA40-9AE416338E0C}.Debug|Any CPU.ActiveCfg = Debug|Any CPU
		{8B8DFF90-BAE2-4666-BA40-9AE416338E0C}.Debug|Any CPU.Build.0 = Debug|Any CPU
		{8B8DFF90-BAE2-4666-BA40-9AE416338E0C}.Debug|x86.ActiveCfg = Debug|x86
		{8B8DFF90-BAE2-4666-BA40-9AE416338E0C}.Debug|x86.Build.0 = Debug|x86
		{8B8DFF90-BAE2-4666-BA40-9AE416338E0C}.Demo|Any CPU.ActiveCfg = Demo|Any CPU
		{8B8DFF90-BAE2-4666-BA40-9AE416338E0C}.Demo|Any CPU.Build.0 = Demo|Any CPU
		{8B8DFF90-BAE2-4666-BA40-9AE416338E0C}.Demo|Any CPU.Deploy.0 = Demo|Any CPU
		{8B8DFF90-BAE2-4666-BA40-9AE416338E0C}.Demo|x86.ActiveCfg = Demo|x86
		{8B8DFF90-BAE2-4666-BA40-9AE416338E0C}.Demo|x86.Build.0 = Demo|x86
		{8B8DFF90-BAE2-4666-BA40-9AE416338E0C}.Demo|x86.Deploy.0 = Demo|x86
		{8B8DFF90-BAE2-4666-BA40-9AE416338E0C}.Release|Any CPU.ActiveCfg = Release|Any CPU
		{8B8DFF90-BAE2-4666-BA40-9AE416338E0C}.Release|Any CPU.Build.0 = Release|Any CPU
		{8B8DFF90-BAE2-4666-BA40-9AE416338E0C}.Release|Any CPU.Deploy.0 = Release|Any CPU
		{8B8DFF90-BAE2-4666-BA40-9AE416338E0C}.Release|x86.ActiveCfg = Release|x86
		{8B8DFF90-BAE2-4666-BA40-9AE416338E0C}.Release|x86.Build.0 = Release|x86
		{8B8DFF90-BAE2-4666-BA40-9AE416338E0C}.Release|x86.Deploy.0 = Release|x86
		{B911CBD6-C9AD-495F-B579-8EF5D4A4D7B6}.Debug|Any CPU.ActiveCfg = Debug|Any CPU
		{B911CBD6-C9AD-495F-B579-8EF5D4A4D7B6}.Debug|Any CPU.Build.0 = Debug|Any CPU
		{B911CBD6-C9AD-495F-B579-8EF5D4A4D7B6}.Debug|x86.ActiveCfg = Debug|x86
		{B911CBD6-C9AD-495F-B579-8EF5D4A4D7B6}.Debug|x86.Build.0 = Debug|x86
		{B911CBD6-C9AD-495F-B579-8EF5D4A4D7B6}.Demo|Any CPU.ActiveCfg = Demo|Any CPU
		{B911CBD6-C9AD-495F-B579-8EF5D4A4D7B6}.Demo|Any CPU.Build.0 = Demo|Any CPU
		{B911CBD6-C9AD-495F-B579-8EF5D4A4D7B6}.Demo|x86.ActiveCfg = Demo|x86
		{B911CBD6-C9AD-495F-B579-8EF5D4A4D7B6}.Demo|x86.Build.0 = Demo|x86
		{B911CBD6-C9AD-495F-B579-8EF5D4A4D7B6}.Release|Any CPU.ActiveCfg = Release|Any CPU
		{B911CBD6-C9AD-495F-B579-8EF5D4A4D7B6}.Release|Any CPU.Build.0 = Release|Any CPU
		{B911CBD6-C9AD-495F-B579-8EF5D4A4D7B6}.Release|x86.ActiveCfg = Release|x86
		{B911CBD6-C9AD-495F-B579-8EF5D4A4D7B6}.Release|x86.Build.0 = Release|x86
		{721873CB-EE1E-4606-A015-B1373BC0C420}.Debug|Any CPU.ActiveCfg = Debug|Any CPU
		{721873CB-EE1E-4606-A015-B1373BC0C420}.Debug|Any CPU.Build.0 = Debug|Any CPU
		{721873CB-EE1E-4606-A015-B1373BC0C420}.Debug|x86.ActiveCfg = Debug|x86
		{721873CB-EE1E-4606-A015-B1373BC0C420}.Debug|x86.Build.0 = Debug|x86
		{721873CB-EE1E-4606-A015-B1373BC0C420}.Demo|Any CPU.ActiveCfg = Demo|Any CPU
		{721873CB-EE1E-4606-A015-B1373BC0C420}.Demo|Any CPU.Build.0 = Demo|Any CPU
		{721873CB-EE1E-4606-A015-B1373BC0C420}.Demo|x86.ActiveCfg = Demo|x86
		{721873CB-EE1E-4606-A015-B1373BC0C420}.Demo|x86.Build.0 = Demo|x86
		{721873CB-EE1E-4606-A015-B1373BC0C420}.Release|Any CPU.ActiveCfg = Release|Any CPU
		{721873CB-EE1E-4606-A015-B1373BC0C420}.Release|Any CPU.Build.0 = Release|Any CPU
		{721873CB-EE1E-4606-A015-B1373BC0C420}.Release|x86.ActiveCfg = Release|x86
		{721873CB-EE1E-4606-A015-B1373BC0C420}.Release|x86.Build.0 = Release|x86
		{D03AB715-2A76-42C4-A7C3-0EAFA1DDE922}.Debug|Any CPU.ActiveCfg = Debug|Any CPU
		{D03AB715-2A76-42C4-A7C3-0EAFA1DDE922}.Debug|Any CPU.Build.0 = Debug|Any CPU
		{D03AB715-2A76-42C4-A7C3-0EAFA1DDE922}.Debug|x86.ActiveCfg = Debug|x86
		{D03AB715-2A76-42C4-A7C3-0EAFA1DDE922}.Debug|x86.Build.0 = Debug|x86
		{D03AB715-2A76-42C4-A7C3-0EAFA1DDE922}.Demo|Any CPU.ActiveCfg = Demo|Any CPU
		{D03AB715-2A76-42C4-A7C3-0EAFA1DDE922}.Demo|Any CPU.Build.0 = Demo|Any CPU
		{D03AB715-2A76-42C4-A7C3-0EAFA1DDE922}.Demo|x86.ActiveCfg = Demo|x86
		{D03AB715-2A76-42C4-A7C3-0EAFA1DDE922}.Demo|x86.Build.0 = Demo|x86
		{D03AB715-2A76-42C4-A7C3-0EAFA1DDE922}.Release|Any CPU.ActiveCfg = Release|Any CPU
		{D03AB715-2A76-42C4-A7C3-0EAFA1DDE922}.Release|Any CPU.Build.0 = Release|Any CPU
		{D03AB715-2A76-42C4-A7C3-0EAFA1DDE922}.Release|x86.ActiveCfg = Release|x86
		{D03AB715-2A76-42C4-A7C3-0EAFA1DDE922}.Release|x86.Build.0 = Release|x86
		{2CED3829-441B-424D-B123-E2504276C8D9}.Debug|Any CPU.ActiveCfg = Debug|Any CPU
		{2CED3829-441B-424D-B123-E2504276C8D9}.Debug|Any CPU.Build.0 = Debug|Any CPU
		{2CED3829-441B-424D-B123-E2504276C8D9}.Debug|x86.ActiveCfg = Debug|x86
		{2CED3829-441B-424D-B123-E2504276C8D9}.Debug|x86.Build.0 = Debug|x86
		{2CED3829-441B-424D-B123-E2504276C8D9}.Demo|Any CPU.ActiveCfg = Demo|Any CPU
		{2CED3829-441B-424D-B123-E2504276C8D9}.Demo|Any CPU.Build.0 = Demo|Any CPU
		{2CED3829-441B-424D-B123-E2504276C8D9}.Demo|x86.ActiveCfg = Demo|x86
		{2CED3829-441B-424D-B123-E2504276C8D9}.Demo|x86.Build.0 = Demo|x86
		{2CED3829-441B-424D-B123-E2504276C8D9}.Release|Any CPU.ActiveCfg = Release|Any CPU
		{2CED3829-441B-424D-B123-E2504276C8D9}.Release|Any CPU.Build.0 = Release|Any CPU
		{2CED3829-441B-424D-B123-E2504276C8D9}.Release|x86.ActiveCfg = Release|x86
		{2CED3829-441B-424D-B123-E2504276C8D9}.Release|x86.Build.0 = Release|x86
		{3E3B6D4F-A93C-4B30-ACF7-40CF972E9310}.Debug|Any CPU.ActiveCfg = Debug|Any CPU
		{3E3B6D4F-A93C-4B30-ACF7-40CF972E9310}.Debug|Any CPU.Build.0 = Debug|Any CPU
		{3E3B6D4F-A93C-4B30-ACF7-40CF972E9310}.Debug|x86.ActiveCfg = Debug|x86
		{3E3B6D4F-A93C-4B30-ACF7-40CF972E9310}.Debug|x86.Build.0 = Debug|x86
		{3E3B6D4F-A93C-4B30-ACF7-40CF972E9310}.Demo|Any CPU.ActiveCfg = Demo|Any CPU
		{3E3B6D4F-A93C-4B30-ACF7-40CF972E9310}.Demo|Any CPU.Build.0 = Demo|Any CPU
		{3E3B6D4F-A93C-4B30-ACF7-40CF972E9310}.Demo|x86.ActiveCfg = Demo|x86
		{3E3B6D4F-A93C-4B30-ACF7-40CF972E9310}.Demo|x86.Build.0 = Demo|x86
		{3E3B6D4F-A93C-4B30-ACF7-40CF972E9310}.Release|Any CPU.ActiveCfg = Release|Any CPU
		{3E3B6D4F-A93C-4B30-ACF7-40CF972E9310}.Release|Any CPU.Build.0 = Release|Any CPU
		{3E3B6D4F-A93C-4B30-ACF7-40CF972E9310}.Release|x86.ActiveCfg = Release|x86
		{3E3B6D4F-A93C-4B30-ACF7-40CF972E9310}.Release|x86.Build.0 = Release|x86
		{EC61619C-AE6B-4C4F-B62F-E4DC6DAEA933}.Debug|Any CPU.ActiveCfg = Debug|Any CPU
		{EC61619C-AE6B-4C4F-B62F-E4DC6DAEA933}.Debug|Any CPU.Build.0 = Debug|Any CPU
		{EC61619C-AE6B-4C4F-B62F-E4DC6DAEA933}.Debug|x86.ActiveCfg = Debug|x86
		{EC61619C-AE6B-4C4F-B62F-E4DC6DAEA933}.Debug|x86.Build.0 = Debug|x86
		{EC61619C-AE6B-4C4F-B62F-E4DC6DAEA933}.Demo|Any CPU.ActiveCfg = Demo|Any CPU
		{EC61619C-AE6B-4C4F-B62F-E4DC6DAEA933}.Demo|Any CPU.Build.0 = Demo|Any CPU
		{EC61619C-AE6B-4C4F-B62F-E4DC6DAEA933}.Demo|x86.ActiveCfg = Demo|x86
		{EC61619C-AE6B-4C4F-B62F-E4DC6DAEA933}.Demo|x86.Build.0 = Demo|x86
		{EC61619C-AE6B-4C4F-B62F-E4DC6DAEA933}.Release|Any CPU.ActiveCfg = Release|Any CPU
		{EC61619C-AE6B-4C4F-B62F-E4DC6DAEA933}.Release|Any CPU.Build.0 = Release|Any CPU
		{EC61619C-AE6B-4C4F-B62F-E4DC6DAEA933}.Release|x86.ActiveCfg = Release|x86
		{EC61619C-AE6B-4C4F-B62F-E4DC6DAEA933}.Release|x86.Build.0 = Release|x86
		{7E399865-B54A-4EDC-9949-0C43AD585E38}.Debug|Any CPU.ActiveCfg = Debug|Any CPU
		{7E399865-B54A-4EDC-9949-0C43AD585E38}.Debug|Any CPU.Build.0 = Debug|Any CPU
		{7E399865-B54A-4EDC-9949-0C43AD585E38}.Debug|x86.ActiveCfg = Debug|x86
		{7E399865-B54A-4EDC-9949-0C43AD585E38}.Debug|x86.Build.0 = Debug|x86
		{7E399865-B54A-4EDC-9949-0C43AD585E38}.Demo|Any CPU.ActiveCfg = Demo|Any CPU
		{7E399865-B54A-4EDC-9949-0C43AD585E38}.Demo|Any CPU.Build.0 = Demo|Any CPU
		{7E399865-B54A-4EDC-9949-0C43AD585E38}.Demo|x86.ActiveCfg = Demo|x86
		{7E399865-B54A-4EDC-9949-0C43AD585E38}.Demo|x86.Build.0 = Demo|x86
		{7E399865-B54A-4EDC-9949-0C43AD585E38}.Release|Any CPU.ActiveCfg = Release|Any CPU
		{7E399865-B54A-4EDC-9949-0C43AD585E38}.Release|Any CPU.Build.0 = Release|Any CPU
		{7E399865-B54A-4EDC-9949-0C43AD585E38}.Release|x86.ActiveCfg = Release|x86
		{7E399865-B54A-4EDC-9949-0C43AD585E38}.Release|x86.Build.0 = Release|x86
		{E3A26F5D-D4F7-4F70-804D-BB07696510B2}.Debug|Any CPU.ActiveCfg = Debug|Any CPU
		{E3A26F5D-D4F7-4F70-804D-BB07696510B2}.Debug|Any CPU.Build.0 = Debug|Any CPU
		{E3A26F5D-D4F7-4F70-804D-BB07696510B2}.Debug|x86.ActiveCfg = Debug|x86
		{E3A26F5D-D4F7-4F70-804D-BB07696510B2}.Debug|x86.Build.0 = Debug|x86
		{E3A26F5D-D4F7-4F70-804D-BB07696510B2}.Demo|Any CPU.ActiveCfg = Demo|Any CPU
		{E3A26F5D-D4F7-4F70-804D-BB07696510B2}.Demo|Any CPU.Build.0 = Demo|Any CPU
		{E3A26F5D-D4F7-4F70-804D-BB07696510B2}.Demo|x86.ActiveCfg = Demo|x86
		{E3A26F5D-D4F7-4F70-804D-BB07696510B2}.Demo|x86.Build.0 = Demo|x86
		{E3A26F5D-D4F7-4F70-804D-BB07696510B2}.Release|Any CPU.ActiveCfg = Release|Any CPU
		{E3A26F5D-D4F7-4F70-804D-BB07696510B2}.Release|Any CPU.Build.0 = Release|Any CPU
		{E3A26F5D-D4F7-4F70-804D-BB07696510B2}.Release|x86.ActiveCfg = Release|x86
		{E3A26F5D-D4F7-4F70-804D-BB07696510B2}.Release|x86.Build.0 = Release|x86
		{5B562B9D-BEA7-4E48-88B1-F0387AAF5BAE}.Debug|Any CPU.ActiveCfg = Debug|Any CPU
		{5B562B9D-BEA7-4E48-88B1-F0387AAF5BAE}.Debug|Any CPU.Build.0 = Debug|Any CPU
		{5B562B9D-BEA7-4E48-88B1-F0387AAF5BAE}.Debug|x86.ActiveCfg = Debug|x86
		{5B562B9D-BEA7-4E48-88B1-F0387AAF5BAE}.Debug|x86.Build.0 = Debug|x86
		{5B562B9D-BEA7-4E48-88B1-F0387AAF5BAE}.Demo|Any CPU.ActiveCfg = Demo|Any CPU
		{5B562B9D-BEA7-4E48-88B1-F0387AAF5BAE}.Demo|Any CPU.Build.0 = Demo|Any CPU
		{5B562B9D-BEA7-4E48-88B1-F0387AAF5BAE}.Demo|x86.ActiveCfg = Demo|x86
		{5B562B9D-BEA7-4E48-88B1-F0387AAF5BAE}.Demo|x86.Build.0 = Demo|x86
		{5B562B9D-BEA7-4E48-88B1-F0387AAF5BAE}.Release|Any CPU.ActiveCfg = Release|Any CPU
		{5B562B9D-BEA7-4E48-88B1-F0387AAF5BAE}.Release|Any CPU.Build.0 = Release|Any CPU
		{5B562B9D-BEA7-4E48-88B1-F0387AAF5BAE}.Release|x86.ActiveCfg = Release|x86
		{5B562B9D-BEA7-4E48-88B1-F0387AAF5BAE}.Release|x86.Build.0 = Release|x86
		{C5665A1F-729D-4E7E-84C2-A5947FF3A208}.Debug|Any CPU.ActiveCfg = Debug|Any CPU
		{C5665A1F-729D-4E7E-84C2-A5947FF3A208}.Debug|Any CPU.Build.0 = Debug|Any CPU
		{C5665A1F-729D-4E7E-84C2-A5947FF3A208}.Debug|x86.ActiveCfg = Debug|x86
		{C5665A1F-729D-4E7E-84C2-A5947FF3A208}.Debug|x86.Build.0 = Debug|x86
		{C5665A1F-729D-4E7E-84C2-A5947FF3A208}.Demo|Any CPU.ActiveCfg = Demo|Any CPU
		{C5665A1F-729D-4E7E-84C2-A5947FF3A208}.Demo|Any CPU.Build.0 = Demo|Any CPU
		{C5665A1F-729D-4E7E-84C2-A5947FF3A208}.Demo|x86.ActiveCfg = Demo|x86
		{C5665A1F-729D-4E7E-84C2-A5947FF3A208}.Demo|x86.Build.0 = Demo|x86
		{C5665A1F-729D-4E7E-84C2-A5947FF3A208}.Release|Any CPU.ActiveCfg = Release|Any CPU
		{C5665A1F-729D-4E7E-84C2-A5947FF3A208}.Release|Any CPU.Build.0 = Release|Any CPU
		{C5665A1F-729D-4E7E-84C2-A5947FF3A208}.Release|x86.ActiveCfg = Release|x86
		{C5665A1F-729D-4E7E-84C2-A5947FF3A208}.Release|x86.Build.0 = Release|x86
		{693D9013-4B08-46FA-A0BE-F5CCEBA06DBA}.Debug|Any CPU.ActiveCfg = Debug|Any CPU
		{693D9013-4B08-46FA-A0BE-F5CCEBA06DBA}.Debug|Any CPU.Build.0 = Debug|Any CPU
		{693D9013-4B08-46FA-A0BE-F5CCEBA06DBA}.Debug|x86.ActiveCfg = Debug|x86
		{693D9013-4B08-46FA-A0BE-F5CCEBA06DBA}.Debug|x86.Build.0 = Debug|x86
		{693D9013-4B08-46FA-A0BE-F5CCEBA06DBA}.Demo|Any CPU.ActiveCfg = Demo|Any CPU
		{693D9013-4B08-46FA-A0BE-F5CCEBA06DBA}.Demo|Any CPU.Build.0 = Demo|Any CPU
		{693D9013-4B08-46FA-A0BE-F5CCEBA06DBA}.Demo|x86.ActiveCfg = Demo|x86
		{693D9013-4B08-46FA-A0BE-F5CCEBA06DBA}.Demo|x86.Build.0 = Demo|x86
		{693D9013-4B08-46FA-A0BE-F5CCEBA06DBA}.Release|Any CPU.ActiveCfg = Release|Any CPU
		{693D9013-4B08-46FA-A0BE-F5CCEBA06DBA}.Release|Any CPU.Build.0 = Release|Any CPU
		{693D9013-4B08-46FA-A0BE-F5CCEBA06DBA}.Release|x86.ActiveCfg = Release|x86
		{693D9013-4B08-46FA-A0BE-F5CCEBA06DBA}.Release|x86.Build.0 = Release|x86
		{92BBC2C7-6471-42BD-B6A9-E60DB5F63C68}.Debug|Any CPU.ActiveCfg = Debug|Any CPU
		{92BBC2C7-6471-42BD-B6A9-E60DB5F63C68}.Debug|Any CPU.Build.0 = Debug|Any CPU
		{92BBC2C7-6471-42BD-B6A9-E60DB5F63C68}.Debug|x86.ActiveCfg = Debug|x86
		{92BBC2C7-6471-42BD-B6A9-E60DB5F63C68}.Debug|x86.Build.0 = Debug|x86
		{92BBC2C7-6471-42BD-B6A9-E60DB5F63C68}.Demo|Any CPU.ActiveCfg = Demo|Any CPU
		{92BBC2C7-6471-42BD-B6A9-E60DB5F63C68}.Demo|Any CPU.Build.0 = Demo|Any CPU
		{92BBC2C7-6471-42BD-B6A9-E60DB5F63C68}.Demo|x86.ActiveCfg = Demo|x86
		{92BBC2C7-6471-42BD-B6A9-E60DB5F63C68}.Demo|x86.Build.0 = Demo|x86
		{92BBC2C7-6471-42BD-B6A9-E60DB5F63C68}.Release|Any CPU.ActiveCfg = Release|Any CPU
		{92BBC2C7-6471-42BD-B6A9-E60DB5F63C68}.Release|Any CPU.Build.0 = Release|Any CPU
		{92BBC2C7-6471-42BD-B6A9-E60DB5F63C68}.Release|x86.ActiveCfg = Release|x86
		{92BBC2C7-6471-42BD-B6A9-E60DB5F63C68}.Release|x86.Build.0 = Release|x86
		{4CA389B0-0967-4AF8-A4A7-86508F0DD3F2}.Debug|Any CPU.ActiveCfg = Debug|Any CPU
		{4CA389B0-0967-4AF8-A4A7-86508F0DD3F2}.Debug|Any CPU.Build.0 = Debug|Any CPU
		{4CA389B0-0967-4AF8-A4A7-86508F0DD3F2}.Debug|x86.ActiveCfg = Debug|x86
		{4CA389B0-0967-4AF8-A4A7-86508F0DD3F2}.Debug|x86.Build.0 = Debug|x86
		{4CA389B0-0967-4AF8-A4A7-86508F0DD3F2}.Demo|Any CPU.ActiveCfg = Demo|Any CPU
		{4CA389B0-0967-4AF8-A4A7-86508F0DD3F2}.Demo|Any CPU.Build.0 = Demo|Any CPU
		{4CA389B0-0967-4AF8-A4A7-86508F0DD3F2}.Demo|x86.ActiveCfg = Demo|x86
		{4CA389B0-0967-4AF8-A4A7-86508F0DD3F2}.Demo|x86.Build.0 = Demo|x86
		{4CA389B0-0967-4AF8-A4A7-86508F0DD3F2}.Release|Any CPU.ActiveCfg = Release|Any CPU
		{4CA389B0-0967-4AF8-A4A7-86508F0DD3F2}.Release|Any CPU.Build.0 = Release|Any CPU
		{4CA389B0-0967-4AF8-A4A7-86508F0DD3F2}.Release|x86.ActiveCfg = Release|x86
		{4CA389B0-0967-4AF8-A4A7-86508F0DD3F2}.Release|x86.Build.0 = Release|x86
		{D4C9DD7D-FC4E-47F6-92D4-699D60915B53}.Debug|Any CPU.ActiveCfg = Debug|Any CPU
		{D4C9DD7D-FC4E-47F6-92D4-699D60915B53}.Debug|Any CPU.Build.0 = Debug|Any CPU
		{D4C9DD7D-FC4E-47F6-92D4-699D60915B53}.Debug|x86.ActiveCfg = Debug|x86
		{D4C9DD7D-FC4E-47F6-92D4-699D60915B53}.Debug|x86.Build.0 = Debug|x86
		{D4C9DD7D-FC4E-47F6-92D4-699D60915B53}.Demo|Any CPU.ActiveCfg = Demo|Any CPU
		{D4C9DD7D-FC4E-47F6-92D4-699D60915B53}.Demo|Any CPU.Build.0 = Demo|Any CPU
		{D4C9DD7D-FC4E-47F6-92D4-699D60915B53}.Demo|x86.ActiveCfg = Demo|x86
		{D4C9DD7D-FC4E-47F6-92D4-699D60915B53}.Demo|x86.Build.0 = Demo|x86
		{D4C9DD7D-FC4E-47F6-92D4-699D60915B53}.Release|Any CPU.ActiveCfg = Release|Any CPU
		{D4C9DD7D-FC4E-47F6-92D4-699D60915B53}.Release|Any CPU.Build.0 = Release|Any CPU
		{D4C9DD7D-FC4E-47F6-92D4-699D60915B53}.Release|x86.ActiveCfg = Release|x86
		{D4C9DD7D-FC4E-47F6-92D4-699D60915B53}.Release|x86.Build.0 = Release|x86
		{C3210443-E310-46A6-9757-DCBDEBA9846E}.Debug|Any CPU.ActiveCfg = Debug|Any CPU
		{C3210443-E310-46A6-9757-DCBDEBA9846E}.Debug|Any CPU.Build.0 = Debug|Any CPU
		{C3210443-E310-46A6-9757-DCBDEBA9846E}.Debug|x86.ActiveCfg = Debug|x86
		{C3210443-E310-46A6-9757-DCBDEBA9846E}.Debug|x86.Build.0 = Debug|x86
		{C3210443-E310-46A6-9757-DCBDEBA9846E}.Demo|Any CPU.ActiveCfg = Demo|Any CPU
		{C3210443-E310-46A6-9757-DCBDEBA9846E}.Demo|Any CPU.Build.0 = Demo|Any CPU
		{C3210443-E310-46A6-9757-DCBDEBA9846E}.Demo|x86.ActiveCfg = Demo|x86
		{C3210443-E310-46A6-9757-DCBDEBA9846E}.Demo|x86.Build.0 = Demo|x86
		{C3210443-E310-46A6-9757-DCBDEBA9846E}.Release|Any CPU.ActiveCfg = Release|Any CPU
		{C3210443-E310-46A6-9757-DCBDEBA9846E}.Release|Any CPU.Build.0 = Release|Any CPU
		{C3210443-E310-46A6-9757-DCBDEBA9846E}.Release|x86.ActiveCfg = Release|x86
		{C3210443-E310-46A6-9757-DCBDEBA9846E}.Release|x86.Build.0 = Release|x86
		{A1D577FA-90CD-41EB-929B-D85F3E48A995}.Debug|Any CPU.ActiveCfg = Debug|Any CPU
		{A1D577FA-90CD-41EB-929B-D85F3E48A995}.Debug|Any CPU.Build.0 = Debug|Any CPU
		{A1D577FA-90CD-41EB-929B-D85F3E48A995}.Debug|x86.ActiveCfg = Debug|x86
		{A1D577FA-90CD-41EB-929B-D85F3E48A995}.Debug|x86.Build.0 = Debug|x86
		{A1D577FA-90CD-41EB-929B-D85F3E48A995}.Demo|Any CPU.ActiveCfg = Demo|Any CPU
		{A1D577FA-90CD-41EB-929B-D85F3E48A995}.Demo|Any CPU.Build.0 = Demo|Any CPU
		{A1D577FA-90CD-41EB-929B-D85F3E48A995}.Demo|x86.ActiveCfg = Demo|x86
		{A1D577FA-90CD-41EB-929B-D85F3E48A995}.Demo|x86.Build.0 = Demo|x86
		{A1D577FA-90CD-41EB-929B-D85F3E48A995}.Release|Any CPU.ActiveCfg = Release|Any CPU
		{A1D577FA-90CD-41EB-929B-D85F3E48A995}.Release|Any CPU.Build.0 = Release|Any CPU
		{A1D577FA-90CD-41EB-929B-D85F3E48A995}.Release|x86.ActiveCfg = Release|x86
		{A1D577FA-90CD-41EB-929B-D85F3E48A995}.Release|x86.Build.0 = Release|x86
		{89EFE23C-AC75-409E-A32D-BBD0A66FBB6B}.Debug|Any CPU.ActiveCfg = Debug|Any CPU
		{89EFE23C-AC75-409E-A32D-BBD0A66FBB6B}.Debug|Any CPU.Build.0 = Debug|Any CPU
		{89EFE23C-AC75-409E-A32D-BBD0A66FBB6B}.Debug|x86.ActiveCfg = Debug|x86
		{89EFE23C-AC75-409E-A32D-BBD0A66FBB6B}.Debug|x86.Build.0 = Debug|x86
		{89EFE23C-AC75-409E-A32D-BBD0A66FBB6B}.Demo|Any CPU.ActiveCfg = Demo|Any CPU
		{89EFE23C-AC75-409E-A32D-BBD0A66FBB6B}.Demo|Any CPU.Build.0 = Demo|Any CPU
		{89EFE23C-AC75-409E-A32D-BBD0A66FBB6B}.Demo|x86.ActiveCfg = Demo|x86
		{89EFE23C-AC75-409E-A32D-BBD0A66FBB6B}.Demo|x86.Build.0 = Demo|x86
		{89EFE23C-AC75-409E-A32D-BBD0A66FBB6B}.Release|Any CPU.ActiveCfg = Release|Any CPU
		{89EFE23C-AC75-409E-A32D-BBD0A66FBB6B}.Release|Any CPU.Build.0 = Release|Any CPU
		{89EFE23C-AC75-409E-A32D-BBD0A66FBB6B}.Release|x86.ActiveCfg = Release|x86
		{89EFE23C-AC75-409E-A32D-BBD0A66FBB6B}.Release|x86.Build.0 = Release|x86
		{8DAC41F1-5211-4C97-912F-48BC9C94E922}.Debug|Any CPU.ActiveCfg = Development
		{8DAC41F1-5211-4C97-912F-48BC9C94E922}.Debug|Any CPU.Build.0 = Development
		{8DAC41F1-5211-4C97-912F-48BC9C94E922}.Debug|x86.ActiveCfg = Development
		{8DAC41F1-5211-4C97-912F-48BC9C94E922}.Demo|Any CPU.ActiveCfg = Development
		{8DAC41F1-5211-4C97-912F-48BC9C94E922}.Demo|Any CPU.Build.0 = Development
		{8DAC41F1-5211-4C97-912F-48BC9C94E922}.Demo|x86.ActiveCfg = Development
		{8DAC41F1-5211-4C97-912F-48BC9C94E922}.Release|Any CPU.ActiveCfg = Development
		{8DAC41F1-5211-4C97-912F-48BC9C94E922}.Release|Any CPU.Build.0 = Development
		{8DAC41F1-5211-4C97-912F-48BC9C94E922}.Release|x86.ActiveCfg = Development
		{B0463789-5A91-4831-9CE4-7BB4DD637633}.Debug|Any CPU.ActiveCfg = Development
		{B0463789-5A91-4831-9CE4-7BB4DD637633}.Debug|Any CPU.Build.0 = Development
		{B0463789-5A91-4831-9CE4-7BB4DD637633}.Debug|Any CPU.Deploy.0 = Development
		{B0463789-5A91-4831-9CE4-7BB4DD637633}.Debug|x86.ActiveCfg = Development
		{B0463789-5A91-4831-9CE4-7BB4DD637633}.Demo|Any CPU.ActiveCfg = Development
		{B0463789-5A91-4831-9CE4-7BB4DD637633}.Demo|Any CPU.Build.0 = Development
		{B0463789-5A91-4831-9CE4-7BB4DD637633}.Demo|Any CPU.Deploy.0 = Development
		{B0463789-5A91-4831-9CE4-7BB4DD637633}.Demo|x86.ActiveCfg = Development
		{B0463789-5A91-4831-9CE4-7BB4DD637633}.Release|Any CPU.ActiveCfg = Development
		{B0463789-5A91-4831-9CE4-7BB4DD637633}.Release|Any CPU.Build.0 = Development
		{B0463789-5A91-4831-9CE4-7BB4DD637633}.Release|Any CPU.Deploy.0 = Development
		{B0463789-5A91-4831-9CE4-7BB4DD637633}.Release|x86.ActiveCfg = Development
		{5ACB2BB0-E1E4-43EB-9FD2-4456863434A4}.Debug|Any CPU.ActiveCfg = Debug|Any CPU
		{5ACB2BB0-E1E4-43EB-9FD2-4456863434A4}.Debug|Any CPU.Build.0 = Debug|Any CPU
		{5ACB2BB0-E1E4-43EB-9FD2-4456863434A4}.Debug|x86.ActiveCfg = Debug|x86
		{5ACB2BB0-E1E4-43EB-9FD2-4456863434A4}.Debug|x86.Build.0 = Debug|x86
		{5ACB2BB0-E1E4-43EB-9FD2-4456863434A4}.Demo|Any CPU.ActiveCfg = Demo|Any CPU
		{5ACB2BB0-E1E4-43EB-9FD2-4456863434A4}.Demo|Any CPU.Build.0 = Demo|Any CPU
		{5ACB2BB0-E1E4-43EB-9FD2-4456863434A4}.Demo|x86.ActiveCfg = Debug|x86
		{5ACB2BB0-E1E4-43EB-9FD2-4456863434A4}.Demo|x86.Build.0 = Debug|x86
		{5ACB2BB0-E1E4-43EB-9FD2-4456863434A4}.Release|Any CPU.ActiveCfg = Release|Any CPU
		{5ACB2BB0-E1E4-43EB-9FD2-4456863434A4}.Release|Any CPU.Build.0 = Release|Any CPU
		{5ACB2BB0-E1E4-43EB-9FD2-4456863434A4}.Release|x86.ActiveCfg = Release|x86
		{5ACB2BB0-E1E4-43EB-9FD2-4456863434A4}.Release|x86.Build.0 = Release|x86
		{BC4E020D-65FC-43DD-AA50-41AFEC1B70C2}.Debug|Any CPU.ActiveCfg = Debug|Any CPU
		{BC4E020D-65FC-43DD-AA50-41AFEC1B70C2}.Debug|Any CPU.Build.0 = Debug|Any CPU
		{BC4E020D-65FC-43DD-AA50-41AFEC1B70C2}.Debug|x86.ActiveCfg = Debug|x86
		{BC4E020D-65FC-43DD-AA50-41AFEC1B70C2}.Debug|x86.Build.0 = Debug|x86
		{BC4E020D-65FC-43DD-AA50-41AFEC1B70C2}.Demo|Any CPU.ActiveCfg = Demo|Any CPU
		{BC4E020D-65FC-43DD-AA50-41AFEC1B70C2}.Demo|Any CPU.Build.0 = Demo|Any CPU
		{BC4E020D-65FC-43DD-AA50-41AFEC1B70C2}.Demo|x86.ActiveCfg = Demo|x86
		{BC4E020D-65FC-43DD-AA50-41AFEC1B70C2}.Demo|x86.Build.0 = Demo|x86
		{BC4E020D-65FC-43DD-AA50-41AFEC1B70C2}.Release|Any CPU.ActiveCfg = Release|Any CPU
		{BC4E020D-65FC-43DD-AA50-41AFEC1B70C2}.Release|Any CPU.Build.0 = Release|Any CPU
		{BC4E020D-65FC-43DD-AA50-41AFEC1B70C2}.Release|x86.ActiveCfg = Release|x86
		{BC4E020D-65FC-43DD-AA50-41AFEC1B70C2}.Release|x86.Build.0 = Release|x86
		{9B6072CA-5C41-4152-8B8A-B636F7D44920}.Debug|Any CPU.ActiveCfg = Debug|Any CPU
		{9B6072CA-5C41-4152-8B8A-B636F7D44920}.Debug|Any CPU.Build.0 = Debug|Any CPU
		{9B6072CA-5C41-4152-8B8A-B636F7D44920}.Debug|x86.ActiveCfg = Debug|x86
		{9B6072CA-5C41-4152-8B8A-B636F7D44920}.Debug|x86.Build.0 = Debug|x86
		{9B6072CA-5C41-4152-8B8A-B636F7D44920}.Demo|Any CPU.ActiveCfg = Demo|Any CPU
		{9B6072CA-5C41-4152-8B8A-B636F7D44920}.Demo|Any CPU.Build.0 = Demo|Any CPU
		{9B6072CA-5C41-4152-8B8A-B636F7D44920}.Demo|x86.ActiveCfg = Demo|x86
		{9B6072CA-5C41-4152-8B8A-B636F7D44920}.Demo|x86.Build.0 = Demo|x86
		{9B6072CA-5C41-4152-8B8A-B636F7D44920}.Release|Any CPU.ActiveCfg = Release|Any CPU
		{9B6072CA-5C41-4152-8B8A-B636F7D44920}.Release|Any CPU.Build.0 = Release|Any CPU
		{9B6072CA-5C41-4152-8B8A-B636F7D44920}.Release|x86.ActiveCfg = Release|x86
		{9B6072CA-5C41-4152-8B8A-B636F7D44920}.Release|x86.Build.0 = Release|x86
		{10ED9E51-1535-4644-AE76-99F56C1609F6}.Debug|Any CPU.ActiveCfg = Debug|Any CPU
		{10ED9E51-1535-4644-AE76-99F56C1609F6}.Debug|Any CPU.Build.0 = Debug|Any CPU
		{10ED9E51-1535-4644-AE76-99F56C1609F6}.Debug|x86.ActiveCfg = Debug|Any CPU
		{10ED9E51-1535-4644-AE76-99F56C1609F6}.Demo|Any CPU.ActiveCfg = Debug|Any CPU
		{10ED9E51-1535-4644-AE76-99F56C1609F6}.Demo|Any CPU.Build.0 = Debug|Any CPU
		{10ED9E51-1535-4644-AE76-99F56C1609F6}.Demo|x86.ActiveCfg = Debug|Any CPU
		{10ED9E51-1535-4644-AE76-99F56C1609F6}.Release|Any CPU.ActiveCfg = Release|Any CPU
		{10ED9E51-1535-4644-AE76-99F56C1609F6}.Release|Any CPU.Build.0 = Release|Any CPU
		{10ED9E51-1535-4644-AE76-99F56C1609F6}.Release|x86.ActiveCfg = Release|Any CPU
		{D6F728F0-25FA-4224-AAC8-33FB2B398461}.Debug|Any CPU.ActiveCfg = Debug|Any CPU
		{D6F728F0-25FA-4224-AAC8-33FB2B398461}.Debug|Any CPU.Build.0 = Debug|Any CPU
		{D6F728F0-25FA-4224-AAC8-33FB2B398461}.Debug|x86.ActiveCfg = Debug|x86
		{D6F728F0-25FA-4224-AAC8-33FB2B398461}.Debug|x86.Build.0 = Debug|x86
		{D6F728F0-25FA-4224-AAC8-33FB2B398461}.Demo|Any CPU.ActiveCfg = Demo|Any CPU
		{D6F728F0-25FA-4224-AAC8-33FB2B398461}.Demo|Any CPU.Build.0 = Demo|Any CPU
		{D6F728F0-25FA-4224-AAC8-33FB2B398461}.Demo|x86.ActiveCfg = Demo|x86
		{D6F728F0-25FA-4224-AAC8-33FB2B398461}.Demo|x86.Build.0 = Demo|x86
		{D6F728F0-25FA-4224-AAC8-33FB2B398461}.Release|Any CPU.ActiveCfg = Release|Any CPU
		{D6F728F0-25FA-4224-AAC8-33FB2B398461}.Release|Any CPU.Build.0 = Release|Any CPU
		{D6F728F0-25FA-4224-AAC8-33FB2B398461}.Release|x86.ActiveCfg = Release|x86
		{D6F728F0-25FA-4224-AAC8-33FB2B398461}.Release|x86.Build.0 = Release|x86
		{6EA48184-8AF7-48D4-955D-D3AF62ECDD2D}.Debug|Any CPU.ActiveCfg = Debug|Any CPU
		{6EA48184-8AF7-48D4-955D-D3AF62ECDD2D}.Debug|Any CPU.Build.0 = Debug|Any CPU
		{6EA48184-8AF7-48D4-955D-D3AF62ECDD2D}.Debug|x86.ActiveCfg = Debug|x86
		{6EA48184-8AF7-48D4-955D-D3AF62ECDD2D}.Debug|x86.Build.0 = Debug|x86
		{6EA48184-8AF7-48D4-955D-D3AF62ECDD2D}.Demo|Any CPU.ActiveCfg = Demo|Any CPU
		{6EA48184-8AF7-48D4-955D-D3AF62ECDD2D}.Demo|Any CPU.Build.0 = Demo|Any CPU
		{6EA48184-8AF7-48D4-955D-D3AF62ECDD2D}.Demo|x86.ActiveCfg = Demo|x86
		{6EA48184-8AF7-48D4-955D-D3AF62ECDD2D}.Demo|x86.Build.0 = Demo|x86
		{6EA48184-8AF7-48D4-955D-D3AF62ECDD2D}.Release|Any CPU.ActiveCfg = Release|Any CPU
		{6EA48184-8AF7-48D4-955D-D3AF62ECDD2D}.Release|Any CPU.Build.0 = Release|Any CPU
		{6EA48184-8AF7-48D4-955D-D3AF62ECDD2D}.Release|x86.ActiveCfg = Release|x86
		{6EA48184-8AF7-48D4-955D-D3AF62ECDD2D}.Release|x86.Build.0 = Release|x86
	EndGlobalSection
	GlobalSection(SolutionProperties) = preSolution
		HideSolutionNode = FALSE
	EndGlobalSection
	GlobalSection(ExtensibilityGlobals) = postSolution
		VisualSVNWorkingCopyRoot = .
	EndGlobalSection
EndGlobal
